
Microsoft Visual Studio Solution File, Format Version 12.00
# Visual Studio Version 17
VisualStudioVersion = 17.11.35327.3
MinimumVisualStudioVersion = 10.0.40219.1
Project("{9A19103F-16F7-4668-BE54-9A1E7A4F7556}") = "NFoundation.Test", "NFoundation.Test\NFoundation.Test.csproj", "{AEBD6D64-7613-49A2-B53D-2DF39ADA4014}"
EndProject
Project("{FAE04EC0-301F-11D3-BF4B-00C04F79EFBC}") = "NFoundation.Templates.ConsoleApp", "NFoundation.Templates.ConsoleApp\NFoundation.Templates.ConsoleApp.csproj", "{B70D06F8-9268-C9C2-FB65-5DB881990ABE}"
EndProject
Project("{FAE04EC0-301F-11D3-BF4B-00C04F79EFBC}") = "NFoundation.Templates.ConsoleApp.Pack", "NFoundation.Templates.ConsoleApp.Pack\NFoundation.Templates.ConsoleApp.Pack.csproj", "{F8920199-60DD-4F86-8B85-CDA992DF4A8A}"
EndProject
Project("{FAE04EC0-301F-11D3-BF4B-00C04F79EFBC}") = "NFoundation.Json", "NFoundation.Json\NFoundation.Json.csproj", "{6AB3232F-18F2-4418-9794-3A9923A55C69}"
EndProject
Project("{2150E333-8FDC-42A3-9474-1A3956D46DE8}") = "Templates", "Templates", "{02EA681E-C7D8-13C7-8484-4AC65E1B71E8}"
EndProject
Project("{FAE04EC0-301F-11D3-BF4B-00C04F79EFBC}") = "NFoundation.Temporal", "NFoundation.Temporal\NFoundation.Temporal.csproj", "{149254B8-5E7F-1E9C-6239-FBA0AA5CDC07}"
EndProject
Project("{FAE04EC0-301F-11D3-BF4B-00C04F79EFBC}") = "NFoundation.Photino.NET.Extensions", "NFoundation.Photino.NET.Extensions\NFoundation.Photino.NET.Extensions.csproj", "{D92C3D32-EDB5-45ED-BD90-3B4B9EF83341}"
EndProject
Project("{FAE04EC0-301F-11D3-BF4B-00C04F79EFBC}") = "NFoundation.Templates.Photino.NET.App", "NFoundation.Templates.Photino.NET.App\NFoundation.Templates.Photino.NET.App.csproj", "{E73BA7AC-E143-12CA-ABF5-29CB6BB373A4}"
EndProject
Global
	GlobalSection(SolutionConfigurationPlatforms) = preSolution
		Debug|Any CPU = Debug|Any CPU
		Release|Any CPU = Release|Any CPU
	EndGlobalSection
	GlobalSection(ProjectConfigurationPlatforms) = postSolution
		{AEBD6D64-7613-49A2-B53D-2DF39ADA4014}.Debug|Any CPU.ActiveCfg = Debug|Any CPU
		{AEBD6D64-7613-49A2-B53D-2DF39ADA4014}.Debug|Any CPU.Build.0 = Debug|Any CPU
		{AEBD6D64-7613-49A2-B53D-2DF39ADA4014}.Release|Any CPU.ActiveCfg = Release|Any CPU
		{AEBD6D64-7613-49A2-B53D-2DF39ADA4014}.Release|Any CPU.Build.0 = Release|Any CPU
		{B70D06F8-9268-C9C2-FB65-5DB881990ABE}.Debug|Any CPU.ActiveCfg = Debug|Any CPU
		{B70D06F8-9268-C9C2-FB65-5DB881990ABE}.Debug|Any CPU.Build.0 = Debug|Any CPU
		{B70D06F8-9268-C9C2-FB65-5DB881990ABE}.Release|Any CPU.ActiveCfg = Release|Any CPU
		{B70D06F8-9268-C9C2-FB65-5DB881990ABE}.Release|Any CPU.Build.0 = Release|Any CPU
		{F8920199-60DD-4F86-8B85-CDA992DF4A8A}.Debug|Any CPU.ActiveCfg = Debug|Any CPU
		{F8920199-60DD-4F86-8B85-CDA992DF4A8A}.Debug|Any CPU.Build.0 = Debug|Any CPU
		{F8920199-60DD-4F86-8B85-CDA992DF4A8A}.Release|Any CPU.ActiveCfg = Release|Any CPU
		{F8920199-60DD-4F86-8B85-CDA992DF4A8A}.Release|Any CPU.Build.0 = Release|Any CPU
		{6AB3232F-18F2-4418-9794-3A9923A55C69}.Debug|Any CPU.ActiveCfg = Debug|Any CPU
		{6AB3232F-18F2-4418-9794-3A9923A55C69}.Debug|Any CPU.Build.0 = Debug|Any CPU
		{6AB3232F-18F2-4418-9794-3A9923A55C69}.Release|Any CPU.ActiveCfg = Release|Any CPU
		{6AB3232F-18F2-4418-9794-3A9923A55C69}.Release|Any CPU.Build.0 = Release|Any CPU
		{149254B8-5E7F-1E9C-6239-FBA0AA5CDC07}.Debug|Any CPU.ActiveCfg = Debug|Any CPU
		{149254B8-5E7F-1E9C-6239-FBA0AA5CDC07}.Debug|Any CPU.Build.0 = Debug|Any CPU
		{149254B8-5E7F-1E9C-6239-FBA0AA5CDC07}.Release|Any CPU.ActiveCfg = Release|Any CPU
		{149254B8-5E7F-1E9C-6239-FBA0AA5CDC07}.Release|Any CPU.Build.0 = Release|Any CPU
		{D92C3D32-EDB5-45ED-BD90-3B4B9EF83341}.Debug|Any CPU.ActiveCfg = Debug|Any CPU
		{D92C3D32-EDB5-45ED-BD90-3B4B9EF83341}.Debug|Any CPU.Build.0 = Debug|Any CPU
		{D92C3D32-EDB5-45ED-BD90-3B4B9EF83341}.Release|Any CPU.ActiveCfg = Release|Any CPU
		{D92C3D32-EDB5-45ED-BD90-3B4B9EF83341}.Release|Any CPU.Build.0 = Release|Any CPU
		{E73BA7AC-E143-12CA-ABF5-29CB6BB373A4}.Debug|Any CPU.ActiveCfg = Debug|Any CPU
		{E73BA7AC-E143-12CA-ABF5-29CB6BB373A4}.Debug|Any CPU.Build.0 = Debug|Any CPU
		{E73BA7AC-E143-12CA-ABF5-29CB6BB373A4}.Release|Any CPU.ActiveCfg = Release|Any CPU
		{E73BA7AC-E143-12CA-ABF5-29CB6BB373A4}.Release|Any CPU.Build.0 = Release|Any CPU
	EndGlobalSection
	GlobalSection(SolutionProperties) = preSolution
		HideSolutionNode = FALSE
	EndGlobalSection
	GlobalSection(NestedProjects) = preSolution
		{B70D06F8-9268-C9C2-FB65-5DB881990ABE} = {02EA681E-C7D8-13C7-8484-4AC65E1B71E8}
		{F8920199-60DD-4F86-8B85-CDA992DF4A8A} = {02EA681E-C7D8-13C7-8484-4AC65E1B71E8}
		{E73BA7AC-E143-12CA-ABF5-29CB6BB373A4} = {02EA681E-C7D8-13C7-8484-4AC65E1B71E8}
	EndGlobalSection
	GlobalSection(ExtensibilityGlobals) = postSolution
		SolutionGuid = {85937748-9558-4347-A558-ED4422035F08}
	EndGlobalSection
EndGlobal
